
Microsoft Visual Studio Solution File, Format Version 12.00
# Visual Studio Version 17
VisualStudioVersion = 17.11.35222.181
MinimumVisualStudioVersion = 10.0.40219.1
Project("{FAE04EC0-301F-11D3-BF4B-00C04F79EFBC}") = "lab13", "lab13\lab13.csproj", "{01DDE5D9-0DD6-49A6-A906-D62E30816ACE}"
EndProject
Global
	GlobalSection(SolutionConfigurationPlatforms) = preSolution
		Debug|Any CPU = Debug|Any CPU
		Release|Any CPU = Release|Any CPU
	EndGlobalSection
	GlobalSection(ProjectConfigurationPlatforms) = postSolution
		{01DDE5D9-0DD6-49A6-A906-D62E30816ACE}.Debug|Any CPU.ActiveCfg = Debug|Any CPU
		{01DDE5D9-0DD6-49A6-A906-D62E30816ACE}.Debug|Any CPU.Build.0 = Debug|Any CPU
		{01DDE5D9-0DD6-49A6-A906-D62E30816ACE}.Release|Any CPU.ActiveCfg = Release|Any CPU
		{01DDE5D9-0DD6-49A6-A906-D62E30816ACE}.Release|Any CPU.Build.0 = Release|Any CPU
	EndGlobalSection
	GlobalSection(SolutionProperties) = preSolution
		HideSolutionNode = FALSE
	EndGlobalSection
	GlobalSection(ExtensibilityGlobals) = postSolution
		SolutionGuid = {62F4C496-7A0F-4C4E-A032-1A51D9E37A87}
	EndGlobalSection
EndGlobal
